// !$*UTF8*$!
{
	archiveVersion = 1;
	classes = {
	};
	objectVersion = 77;
	objects = {

/* Begin PBXBuildFile section */
		096D9A8A2F71A88F000F933D /* CoreMIDI.framework in Frameworks */ = {isa = PBXBuildFile; fileRef = 096D9A892F71A88F000F933D /* CoreMIDI.framework */; };
/* End PBXBuildFile section */

/* Begin PBXContainerItemProxy section */
		096D9A6C2F7153F2000F933D /* PBXContainerItemProxy */ = {
			isa = PBXContainerItemProxy;
			containerPortal = 096D9A502F7153F0000F933D /* Project object */;
			proxyType = 1;
			remoteGlobalIDString = 096D9A572F7153F0000F933D;
			remoteInfo = JamPartner;
		};
		096D9A762F7153F2000F933D /* PBXContainerItemProxy */ = {
			isa = PBXContainerItemProxy;
			containerPortal = 096D9A502F7153F0000F933D /* Project object */;
			proxyType = 1;
			remoteGlobalIDString = 096D9A572F7153F0000F933D;
			remoteInfo = JamPartner;
		};
/* End PBXContainerItemProxy section */

/* Begin PBXFileReference section */
		096D9A582F7153F0000F933D /* JamPartner.app */ = {isa = PBXFileReference; explicitFileType = wrapper.application; includeInIndex = 0; path = JamPartner.app; sourceTree = BUILT_PRODUCTS_DIR; };
		096D9A6B2F7153F2000F933D /* JamPartnerTests.xctest */ = {isa = PBXFileReference; explicitFileType = wrapper.cfbundle; includeInIndex = 0; path = JamPartnerTests.xctest; sourceTree = BUILT_PRODUCTS_DIR; };
		096D9A752F7153F2000F933D /* JamPartnerUITests.xctest */ = {isa = PBXFileReference; explicitFileType = wrapper.cfbundle; includeInIndex = 0; path = JamPartnerUITests.xctest; sourceTree = BUILT_PRODUCTS_DIR; };
		096D9A892F71A88F000F933D /* CoreMIDI.framework */ = {isa = PBXFileReference; lastKnownFileType = wrapper.framework; name = CoreMIDI.framework; path = System/Library/Frameworks/CoreMIDI.framework; sourceTree = SDKROOT; };
/* End PBXFileReference section */

/* Begin PBXFileSystemSynchronizedRootGroup section */
		096D9A5A2F7153F0000F933D /* JamPartner */ = {
			isa = PBXFileSystemSynchronizedRootGroup;
			path = JamPartner;
			sourceTree = "<group>";
		};
		096D9A6E2F7153F2000F933D /* JamPartnerTests */ = {
			isa = PBXFileSystemSynchronizedRootGroup;
			path = JamPartnerTests;
			sourceTree = "<group>";
		};
		096D9A782F7153F2000F933D /* JamPartnerUITests */ = {
			isa = PBXFileSystemSynchronizedRootGroup;
			path = JamPartnerUITests;
			sourceTree = "<group>";
		};
/* End PBXFileSystemSynchronizedRootGroup section */

/* Begin PBXFrameworksBuildPhase section */
		096D9A552F7153F0000F933D /* Frameworks */ = {
			isa = PBXFrameworksBuildPhase;
			buildActionMask = 2147483647;
			files = (
				096D9A8A2F71A88F000F933D /* CoreMIDI.framework in Frameworks */,
			);
			runOnlyForDeploymentPostprocessing = 0;
		};
		096D9A682F7153F2000F933D /* Frameworks */ = {
			isa = PBXFrameworksBuildPhase;
			buildActionMask = 2147483647;
			files = (
			);
			runOnlyForDeploymentPostprocessing = 0;
		};
		096D9A722F7153F2000F933D /* Frameworks */ = {
			isa = PBXFrameworksBuildPhase;
			buildActionMask = 2147483647;
			files = (
			);
			runOnlyForDeploymentPostprocessing = 0;
		};
/* End PBXFrameworksBuildPhase section */

/* Begin PBXGroup section */
		096D9A4F2F7153F0000F933D = {
			isa = PBXGroup;
			children = (
				096D9A5A2F7153F0000F933D /* JamPartner */,
				096D9A6E2F7153F2000F933D /* JamPartnerTests */,
				096D9A782F7153F2000F933D /* JamPartnerUITests */,
				096D9A882F71A88F000F933D /* Frameworks */,
				096D9A592F7153F0000F933D /* Products */,
			);
			sourceTree = "<group>";
		};
		096D9A592F7153F0000F933D /* Products */ = {
			isa = PBXGroup;
			children = (
				096D9A582F7153F0000F933D /* JamPartner.app */,
				096D9A6B2F7153F2000F933D /* JamPartnerTests.xctest */,
				096D9A752F7153F2000F933D /* JamPartnerUITests.xctest */,
			);
			name = Products;
			sourceTree = "<group>";
		};
		096D9A882F71A88F000F933D /* Frameworks */ = {
			isa = PBXGroup;
			children = (
				096D9A892F71A88F000F933D /* CoreMIDI.framework */,
			);
			name = Frameworks;
			sourceTree = "<group>";
		};
/* End PBXGroup section */

/* Begin PBXNativeTarget section */
		096D9A572F7153F0000F933D /* JamPartner */ = {
			isa = PBXNativeTarget;
			buildConfigurationList = 096D9A7F2F7153F2000F933D /* Build configuration list for PBXNativeTarget "JamPartner" */;
			buildPhases = (
				096D9A542F7153F0000F933D /* Sources */,
				096D9A552F7153F0000F933D /* Frameworks */,
				096D9A562F7153F0000F933D /* Resources */,
			);
			buildRules = (
			);
			dependencies = (
			);
			fileSystemSynchronizedGroups = (
				096D9A5A2F7153F0000F933D /* JamPartner */,
			);
			name = JamPartner;
			packageProductDependencies = (
			);
			productName = JamPartner;
			productReference = 096D9A582F7153F0000F933D /* JamPartner.app */;
			productType = "com.apple.product-type.application";
		};
		096D9A6A2F7153F2000F933D /* JamPartnerTests */ = {
			isa = PBXNativeTarget;
			buildConfigurationList = 096D9A822F7153F2000F933D /* Build configuration list for PBXNativeTarget "JamPartnerTests" */;
			buildPhases = (
				096D9A672F7153F2000F933D /* Sources */,
				096D9A682F7153F2000F933D /* Frameworks */,
				096D9A692F7153F2000F933D /* Resources */,
			);
			buildRules = (
			);
			dependencies = (
				096D9A6D2F7153F2000F933D /* PBXTargetDependency */,
			);
			fileSystemSynchronizedGroups = (
				096D9A6E2F7153F2000F933D /* JamPartnerTests */,
			);
			name = JamPartnerTests;
			packageProductDependencies = (
			);
			productName = JamPartnerTests;
			productReference = 096D9A6B2F7153F2000F933D /* JamPartnerTests.xctest */;
			productType = "com.apple.product-type.bundle.unit-test";
		};
		096D9A742F7153F2000F933D /* JamPartnerUITests */ = {
			isa = PBXNativeTarget;
			buildConfigurationList = 096D9A852F7153F2000F933D /* Build configuration list for PBXNativeTarget "JamPartnerUITests" */;
			buildPhases = (
				096D9A712F7153F2000F933D /* Sources */,
				096D9A722F7153F2000F933D /* Frameworks */,
				096D9A732F7153F2000F933D /* Resources */,
			);
			buildRules = (
			);
			dependencies = (
				096D9A772F7153F2000F933D /* PBXTargetDependency */,
			);
			fileSystemSynchronizedGroups = (
				096D9A782F7153F2000F933D /* JamPartnerUITests */,
			);
			name = JamPartnerUITests;
			packageProductDependencies = (
			);
			productName = JamPartnerUITests;
			productReference = 096D9A752F7153F2000F933D /* JamPartnerUITests.xctest */;
			productType = "com.apple.product-type.bundle.ui-testing";
		};
/* End PBXNativeTarget section */

/* Begin PBXProject section */
		096D9A502F7153F0000F933D /* Project object */ = {
			isa = PBXProject;
			attributes = {
				BuildIndependentTargetsInParallel = 1;
				LastSwiftUpdateCheck = 1620;
				LastUpgradeCheck = 1620;
				TargetAttributes = {
					096D9A572F7153F0000F933D = {
						CreatedOnToolsVersion = 16.2;
					};
					096D9A6A2F7153F2000F933D = {
						CreatedOnToolsVersion = 16.2;
						TestTargetID = 096D9A572F7153F0000F933D;
					};
					096D9A742F7153F2000F933D = {
						CreatedOnToolsVersion = 16.2;
						TestTargetID = 096D9A572F7153F0000F933D;
					};
				};
			};
			buildConfigurationList = 096D9A532F7153F0000F933D /* Build configuration list for PBXProject "JamPartner" */;
			developmentRegion = en;
			hasScannedForEncodings = 0;
			knownRegions = (
				en,
				Base,
			);
			mainGroup = 096D9A4F2F7153F0000F933D;
			minimizedProjectReferenceProxies = 1;
			preferredProjectObjectVersion = 77;
			productRefGroup = 096D9A592F7153F0000F933D /* Products */;
			projectDirPath = "";
			projectRoot = "";
			targets = (
				096D9A572F7153F0000F933D /* JamPartner */,
				096D9A6A2F7153F2000F933D /* JamPartnerTests */,
				096D9A742F7153F2000F933D /* JamPartnerUITests */,
			);
		};
/* End PBXProject section */

/* Begin PBXResourcesBuildPhase section */
		096D9A562F7153F0000F933D /* Resources */ = {
			isa = PBXResourcesBuildPhase;
			buildActionMask = 2147483647;
			files = (
			);
			runOnlyForDeploymentPostprocessing = 0;
		};
		096D9A692F7153F2000F933D /* Resources */ = {
			isa = PBXResourcesBuildPhase;
			buildActionMask = 2147483647;
			files = (
			);
			runOnlyForDeploymentPostprocessing = 0;
		};
		096D9A732F7153F2000F933D /* Resources */ = {
			isa = PBXResourcesBuildPhase;
			buildActionMask = 2147483647;
			files = (
			);
			runOnlyForDeploymentPostprocessing = 0;
		};
/* End PBXResourcesBuildPhase section */

/* Begin PBXSourcesBuildPhase section */
		096D9A542F7153F0000F933D /* Sources */ = {
			isa = PBXSourcesBuildPhase;
			buildActionMask = 2147483647;
			files = (
			);
			runOnlyForDeploymentPostprocessing = 0;
		};
		096D9A672F7153F2000F933D /* Sources */ = {
			isa = PBXSourcesBuildPhase;
			buildActionMask = 2147483647;
			files = (
			);
			runOnlyForDeploymentPostprocessing = 0;
		};
		096D9A712F7153F2000F933D /* Sources */ = {
			isa = PBXSourcesBuildPhase;
			buildActionMask = 2147483647;
			files = (
			);
			runOnlyForDeploymentPostprocessing = 0;
		};
/* End PBXSourcesBuildPhase section */

/* Begin PBXTargetDependency section */
		096D9A6D2F7153F2000F933D /* PBXTargetDependency */ = {
			isa = PBXTargetDependency;
			target = 096D9A572F7153F0000F933D /* JamPartner */;
			targetProxy = 096D9A6C2F7153F2000F933D /* PBXContainerItemProxy */;
		};
		096D9A772F7153F2000F933D /* PBXTargetDependency */ = {
			isa = PBXTargetDependency;
			target = 096D9A572F7153F0000F933D /* JamPartner */;
			targetProxy = 096D9A762F7153F2000F933D /* PBXContainerItemProxy */;
		};
/* End PBXTargetDependency section */

/* Begin XCBuildConfiguration section */
		096D9A7D2F7153F2000F933D /* Debug */ = {
			isa = XCBuildConfiguration;
			buildSettings = {
				ALWAYS_SEARCH_USER_PATHS = NO;
				ASSETCATALOG_COMPILER_GENERATE_SWIFT_ASSET_SYMBOL_EXTENSIONS = YES;
				CLANG_ANALYZER_NONNULL = YES;
				CLANG_ANALYZER_NUMBER_OBJECT_CONVERSION = YES_AGGRESSIVE;
				CLANG_CXX_LANGUAGE_STANDARD = "gnu++20";
				CLANG_ENABLE_MODULES = YES;
				CLANG_ENABLE_OBJC_ARC = YES;
				CLANG_ENABLE_OBJC_WEAK = YES;
				CLANG_WARN_BLOCK_CAPTURE_AUTORELEASING = YES;
				CLANG_WARN_BOOL_CONVERSION = YES;
				CLANG_WARN_COMMA = YES;
				CLANG_WARN_CONSTANT_CONVERSION = YES;
				CLANG_WARN_DEPRECATED_OBJC_IMPLEMENTATIONS = YES;
				CLANG_WARN_DIRECT_OBJC_ISA_USAGE = YES_ERROR;
				CLANG_WARN_DOCUMENTATION_COMMENTS = YES;
				CLANG_WARN_EMPTY_BODY = YES;
				CLANG_WARN_ENUM_CONVERSION = YES;
				CLANG_WARN_INFINITE_RECURSION = YES;
				CLANG_WARN_INT_CONVERSION = YES;
				CLANG_WARN_NON_LITERAL_NULL_CONVERSION = YES;
				CLANG_WARN_OBJC_IMPLICIT_RETAIN_SELF = YES;
				CLANG_WARN_OBJC_LITERAL_CONVERSION = YES;
				CLANG_WARN_OBJC_ROOT_CLASS = YES_ERROR;
				CLANG_WARN_QUOTED_INCLUDE_IN_FRAMEWORK_HEADER = YES;
				CLANG_WARN_RANGE_LOOP_ANALYSIS = YES;
				CLANG_WARN_STRICT_PROTOTYPES = YES;
				CLANG_WARN_SUSPICIOUS_MOVE = YES;
				CLANG_WARN_UNGUARDED_AVAILABILITY = YES_AGGRESSIVE;
				CLANG_WARN_UNREACHABLE_CODE = YES;
				CLANG_WARN__DUPLICATE_METHOD_MATCH = YES;
				COPY_PHASE_STRIP = NO;
				DEBUG_INFORMATION_FORMAT = dwarf;
				ENABLE_STRICT_OBJC_MSGSEND = YES;
				ENABLE_TESTABILITY = YES;
				ENABLE_USER_SCRIPT_SANDBOXING = YES;
				GCC_C_LANGUAGE_STANDARD = gnu17;
				GCC_DYNAMIC_NO_PIC = NO;
				GCC_NO_COMMON_BLOCKS = YES;
				GCC_OPTIMIZATION_LEVEL = 0;
				GCC_PREPROCESSOR_DEFINITIONS = (
					"DEBUG=1",
					"$(inherited)",
				);
				GCC_WARN_64_TO_32_BIT_CONVERSION = YES;
				GCC_WARN_ABOUT_RETURN_TYPE = YES_ERROR;
				GCC_WARN_UNDECLARED_SELECTOR = YES;
				GCC_WARN_UNINITIALIZED_AUTOS = YES_AGGRESSIVE;
				GCC_WARN_UNUSED_FUNCTION = YES;
				GCC_WARN_UNUSED_VARIABLE = YES;
				LOCALIZATION_PREFERS_STRING_CATALOGS = YES;
				MACOSX_DEPLOYMENT_TARGET = 14.5;
				MTL_ENABLE_DEBUG_INFO = INCLUDE_SOURCE;
				MTL_FAST_MATH = YES;
				ONLY_ACTIVE_ARCH = YES;
				SDKROOT = macosx;
				SWIFT_ACTIVE_COMPILATION_CONDITIONS = "DEBUG $(inherited)";
				SWIFT_OPTIMIZATION_LEVEL = "-Onone";
			};
			name = Debug;
		};
		096D9A7E2F7153F2000F933D /* Release */ = {
			isa = XCBuildConfiguration;
			buildSettings = {
				ALWAYS_SEARCH_USER_PATHS = NO;
				ASSETCATALOG_COMPILER_GENERATE_SWIFT_ASSET_SYMBOL_EXTENSIONS = YES;
				CLANG_ANALYZER_NONNULL = YES;
				CLANG_ANALYZER_NUMBER_OBJECT_CONVERSION = YES_AGGRESSIVE;
				CLANG_CXX_LANGUAGE_STANDARD = "gnu++20";
				CLANG_ENABLE_MODULES = YES;
				CLANG_ENABLE_OBJC_ARC = YES;
				CLANG_ENABLE_OBJC_WEAK = YES;
				CLANG_WARN_BLOCK_CAPTURE_AUTORELEASING = YES;
				CLANG_WARN_BOOL_CONVERSION = YES;
				CLANG_WARN_COMMA = YES;
				CLANG_WARN_CONSTANT_CONVERSION = YES;
				CLANG_WARN_DEPRECATED_OBJC_IMPLEMENTATIONS = YES;
				CLANG_WARN_DIRECT_OBJC_ISA_USAGE = YES_ERROR;
				CLANG_WARN_DOCUMENTATION_COMMENTS = YES;
				CLANG_WARN_EMPTY_BODY = YES;
				CLANG_WARN_ENUM_CONVERSION = YES;
				CLANG_WARN_INFINITE_RECURSION = YES;
				CLANG_WARN_INT_CONVERSION = YES;
				CLANG_WARN_NON_LITERAL_NULL_CONVERSION = YES;
				CLANG_WARN_OBJC_IMPLICIT_RETAIN_SELF = YES;
				CLANG_WARN_OBJC_LITERAL_CONVERSION = YES;
				CLANG_WARN_OBJC_ROOT_CLASS = YES_ERROR;
				CLANG_WARN_QUOTED_INCLUDE_IN_FRAMEWORK_HEADER = YES;
				CLANG_WARN_RANGE_LOOP_ANALYSIS = YES;
				CLANG_WARN_STRICT_PROTOTYPES = YES;
				CLANG_WARN_SUSPICIOUS_MOVE = YES;
				CLANG_WARN_UNGUARDED_AVAILABILITY = YES_AGGRESSIVE;
				CLANG_WARN_UNREACHABLE_CODE = YES;
				CLANG_WARN__DUPLICATE_METHOD_MATCH = YES;
				COPY_PHASE_STRIP = NO;
				DEBUG_INFORMATION_FORMAT = "dwarf-with-dsym";
				ENABLE_NS_ASSERTIONS = NO;
				ENABLE_STRICT_OBJC_MSGSEND = YES;
				ENABLE_USER_SCRIPT_SANDBOXING = YES;
				GCC_C_LANGUAGE_STANDARD = gnu17;
				GCC_NO_COMMON_BLOCKS = YES;
				GCC_WARN_64_TO_32_BIT_CONVERSION = YES;
				GCC_WARN_ABOUT_RETURN_TYPE = YES_ERROR;
				GCC_WARN_UNDECLARED_SELECTOR = YES;
				GCC_WARN_UNINITIALIZED_AUTOS = YES_AGGRESSIVE;
				GCC_WARN_UNUSED_FUNCTION = YES;
				GCC_WARN_UNUSED_VARIABLE = YES;
				LOCALIZATION_PREFERS_STRING_CATALOGS = YES;
				MACOSX_DEPLOYMENT_TARGET = 14.5;
				MTL_ENABLE_DEBUG_INFO = NO;
				MTL_FAST_MATH = YES;
				SDKROOT = macosx;
				SWIFT_COMPILATION_MODE = wholemodule;
			};
			name = Release;
		};
		096D9A802F7153F2000F933D /* Debug */ = {
			isa = XCBuildConfiguration;
			buildSettings = {
				ASSETCATALOG_COMPILER_APPICON_NAME = AppIcon;
				ASSETCATALOG_COMPILER_GLOBAL_ACCENT_COLOR_NAME = AccentColor;
				CODE_SIGN_ENTITLEMENTS = JamPartner/JamPartner.entitlements;
				CODE_SIGN_STYLE = Automatic;
				COMBINE_HIDPI_IMAGES = YES;
				CURRENT_PROJECT_VERSION = 1;
				DEVELOPMENT_ASSET_PATHS = "\"JamPartner/Preview Content\"";
				DEVELOPMENT_TEAM = LUCPEZ68QZ;
				ENABLE_HARDENED_RUNTIME = YES;
				ENABLE_PREVIEWS = YES;
				GENERATE_INFOPLIST_FILE = YES;
				INFOPLIST_KEY_NSBluetoothAlwaysUsageDescription = "JamPartner needs Bluetooth to connect to your MIDI glove controller.";
				INFOPLIST_KEY_NSHumanReadableCopyright = "";
				LD_RUNPATH_SEARCH_PATHS = (
					"$(inherited)",
					"@executable_path/../Frameworks",
				);
				MACOSX_DEPLOYMENT_TARGET = 14.0;
				MARKETING_VERSION = 1.0;
				PRODUCT_BUNDLE_IDENTIFIER = com.interedit.JamPartner;
				PRODUCT_NAME = "$(TARGET_NAME)";
				SWIFT_EMIT_LOC_STRINGS = YES;
				SWIFT_VERSION = 5.0;
			};
			name = Debug;
		};
		096D9A812F7153F2000F933D /* Release */ = {
			isa = XCBuildConfiguration;
			buildSettings = {
				ASSETCATALOG_COMPILER_APPICON_NAME = AppIcon;
				ASSETCATALOG_COMPILER_GLOBAL_ACCENT_COLOR_NAME = AccentColor;
				CODE_SIGN_ENTITLEMENTS = JamPartner/JamPartner.entitlements;
				CODE_SIGN_STYLE = Automatic;
				COMBINE_HIDPI_IMAGES = YES;
				CURRENT_PROJECT_VERSION = 1;
				DEVELOPMENT_ASSET_PATHS = "\"JamPartner/Preview Content\"";
				DEVELOPMENT_TEAM = LUCPEZ68QZ;
				ENABLE_HARDENED_RUNTIME = YES;
				ENABLE_PREVIEWS = YES;
				GENERATE_INFOPLIST_FILE = YES;
				INFOPLIST_KEY_NSBluetoothAlwaysUsageDescription = "JamPartner needs Bluetooth to connect to your MIDI glove controller.";
				INFOPLIST_KEY_NSHumanReadableCopyright = "";
				LD_RUNPATH_SEARCH_PATHS = (
					"$(inherited)",
					"@executable_path/../Frameworks",
				);
				MACOSX_DEPLOYMENT_TARGET = 14.0;
				MARKETING_VERSION = 1.0;
				PRODUCT_BUNDLE_IDENTIFIER = com.interedit.JamPartner;
				PRODUCT_NAME = "$(TARGET_NAME)";
				SWIFT_EMIT_LOC_STRINGS = YES;
				SWIFT_VERSION = 5.0;
			};
			name = Release;
		};
		096D9A832F7153F2000F933D /* Debug */ = {
			isa = XCBuildConfiguration;
			buildSettings = {
				BUNDLE_LOADER = "$(TEST_HOST)";
				CODE_SIGN_STYLE = Automatic;
				CURRENT_PROJECT_VERSION = 1;
				DEVELOPMENT_TEAM = LUCPEZ68QZ;
				GENERATE_INFOPLIST_FILE = YES;
				MACOSX_DEPLOYMENT_TARGET = 14.0;
				MARKETING_VERSION = 1.0;
				PRODUCT_BUNDLE_IDENTIFIER = com.interedit.JamPartnerTests;
				PRODUCT_NAME = "$(TARGET_NAME)";
				SWIFT_EMIT_LOC_STRINGS = NO;
				SWIFT_VERSION = 5.0;
				TEST_HOST = "$(BUILT_PRODUCTS_DIR)/JamPartner.app/$(BUNDLE_EXECUTABLE_FOLDER_PATH)/JamPartner";
			};
			name = Debug;
		};
		096D9A842F7153F2000F933D /* Release */ = {
			isa = XCBuildConfiguration;
			buildSettings = {
				BUNDLE_LOADER = "$(TEST_HOST)";
				CODE_SIGN_STYLE = Automatic;
				CURRENT_PROJECT_VERSION = 1;
				DEVELOPMENT_TEAM = LUCPEZ68QZ;
				GENERATE_INFOPLIST_FILE = YES;
				MACOSX_DEPLOYMENT_TARGET = 14.0;
				MARKETING_VERSION = 1.0;
				PRODUCT_BUNDLE_IDENTIFIER = com.interedit.JamPartnerTests;
				PRODUCT_NAME = "$(TARGET_NAME)";
				SWIFT_EMIT_LOC_STRINGS = NO;
				SWIFT_VERSION = 5.0;
				TEST_HOST = "$(BUILT_PRODUCTS_DIR)/JamPartner.app/$(BUNDLE_EXECUTABLE_FOLDER_PATH)/JamPartner";
			};
			name = Release;
		};
		096D9A862F7153F2000F933D /* Debug */ = {
			isa = XCBuildConfiguration;
			buildSettings = {
				CODE_SIGN_STYLE = Automatic;
				CURRENT_PROJECT_VERSION = 1;
				DEVELOPMENT_TEAM = LUCPEZ68QZ;
				GENERATE_INFOPLIST_FILE = YES;
				MARKETING_VERSION = 1.0;
				PRODUCT_BUNDLE_IDENTIFIER = com.interedit.JamPartnerUITests;
				PRODUCT_NAME = "$(TARGET_NAME)";
				SWIFT_EMIT_LOC_STRINGS = NO;
				SWIFT_VERSION = 5.0;
				TEST_TARGET_NAME = JamPartner;
			};
			name = Debug;
		};
		096D9A872F7153F2000F933D /* Release */ = {
			isa = XCBuildConfiguration;
			buildSettings = {
				CODE_SIGN_STYLE = Automatic;
				CURRENT_PROJECT_VERSION = 1;
				DEVELOPMENT_TEAM = LUCPEZ68QZ;
				GENERATE_INFOPLIST_FILE = YES;
				MARKETING_VERSION = 1.0;
				PRODUCT_BUNDLE_IDENTIFIER = com.interedit.JamPartnerUITests;
				PRODUCT_NAME = "$(TARGET_NAME)";
				SWIFT_EMIT_LOC_STRINGS = NO;
				SWIFT_VERSION = 5.0;
				TEST_TARGET_NAME = JamPartner;
			};
			name = Release;
		};
/* End XCBuildConfiguration section */

/* Begin XCConfigurationList section */
		096D9A532F7153F0000F933D /* Build configuration list for PBXProject "JamPartner" */ = {
			isa = XCConfigurationList;
			buildConfigurations = (
				096D9A7D2F7153F2000F933D /* Debug */,
				096D9A7E2F7153F2000F933D /* Release */,
			);
			defaultConfigurationIsVisible = 0;
			defaultConfigurationName = Release;
		};
		096D9A7F2F7153F2000F933D /* Build configuration list for PBXNativeTarget "JamPartner" */ = {
			isa = XCConfigurationList;
			buildConfigurations = (
				096D9A802F7153F2000F933D /* Debug */,
				096D9A812F7153F2000F933D /* Release */,
			);
			defaultConfigurationIsVisible = 0;
			defaultConfigurationName = Release;
		};
		096D9A822F7153F2000F933D /* Build configuration list for PBXNativeTarget "JamPartnerTests" */ = {
			isa = XCConfigurationList;
			buildConfigurations = (
				096D9A832F7153F2000F933D /* Debug */,
				096D9A842F7153F2000F933D /* Release */,
			);
			defaultConfigurationIsVisible = 0;
			defaultConfigurationName = Release;
		};
		096D9A852F7153F2000F933D /* Build configuration list for PBXNativeTarget "JamPartnerUITests" */ = {
			isa = XCConfigurationList;
			buildConfigurations = (
				096D9A862F7153F2000F933D /* Debug */,
				096D9A872F7153F2000F933D /* Release */,
			);
			defaultConfigurationIsVisible = 0;
			defaultConfigurationName = Release;
		};
/* End XCConfigurationList section */
	};
	rootObject = 096D9A502F7153F0000F933D /* Project object */;
}
